# THIS IS AN AUTOGENERATED FILE. DO NOT EDIT THIS FILE DIRECTLY.
# yarn lockfile v1


async@~0.2.9:
  version "0.2.10"
  resolved "http://registry.npm.taobao.org/async/download/async-0.2.10.tgz#b6bbe0b0674b9d719708ca38de8c237cb526c3d1"

cache-storage@~2.0.0:
  version "2.0.1"
  resolved "http://registry.npm.taobao.org/cache-storage/download/cache-storage-2.0.1.tgz#e5eb570c307e61e2a31119f5c326275b1fd22ce7"
  dependencies:
    async "~0.2.9"
    moment "~2.5.0"
    redis "~0.10.0"

callsite@~1.0.0:
  version "1.0.0"
  resolved "http://registry.npm.taobao.org/callsite/download/callsite-1.0.0.tgz#280398e5d664bd74038b6f0905153e6e8af1bc20"

escape-regexp@~0.0.1:
  version "0.0.1"
  resolved "http://registry.npm.taobao.org/escape-regexp/download/escape-regexp-0.0.1.tgz#f44bda12d45bbdf9cb7f862ee7e4827b3dd32254"

fs-finder@~1.8.0:
  version "1.8.1"
  resolved "http://registry.npm.taobao.org/fs-finder/download/fs-finder-1.8.1.tgz#106fea8aa89d0af343360663d5855862cae1b874"
  dependencies:
    async "~0.2.9"
    escape-regexp "~0.0.1"
    moment "~2.5.0"
    operator-compare "~1.0.1"
    q "~1.0.0"

moment@~2.5.0:
  version "2.5.1"
  resolved "http://registry.npm.taobao.org/moment/download/moment-2.5.1.tgz#7146a3900533064ca799d5e792f4e480ee0e82bc"

normalize-arguments@~1.2.0:
  version "1.2.1"
  resolved "http://registry.npm.taobao.org/normalize-arguments/download/normalize-arguments-1.2.1.tgz#ca4281c12c8505cd0b2543d7204ae69ec5c7fd49"

operator-compare@~1.0.1:
  version "1.0.3"
  resolved "http://registry.npm.taobao.org/operator-compare/download/operator-compare-1.0.3.tgz#8d06d094bc1b83a607fc9c9f3800447886591af9"

q@~1.0.0:
  version "1.0.1"
  resolved "http://registry.npm.taobao.org/q/download/q-1.0.1.tgz#11872aeedee89268110b10a718448ffb10112a14"

redis@~0.10.0:
  version "0.10.3"
  resolved "http://registry.npm.taobao.org/redis/download/redis-0.10.3.tgz#8927fe2110ee39617bcf3fd37b89d8e123911bb6"

translator@^1.9.1:
  version "1.9.1"
  resolved "http://registry.npm.taobao.org/translator/download/translator-1.9.1.tgz#18be0543c5b2958435e9127d909750feecedc437"
  dependencies:
    cache-storage "~2.0.0"
    callsite "~1.0.0"
    fs-finder "~1.8.0"
    normalize-arguments "~1.2.0"
